{
  "name": "pi-packages",
  "version": "0.0.0",
  "lockfileVersion": 3,
  "requires": true,
  "packages": {
    "": {
      "name": "pi-packages",
      "version": "0.0.0",
      "workspaces": [
        "packages/*"
      ],
      "engines": {
        "node": ">=24"
      }
    },
    "node_modules/pi-herdr-dispatch": {
      "resolved": "packages/pi-herdr-dispatch",
      "link": true
    },
    "packages/pi-herdr-dispatch": {
      "version": "0.0.0-development",
      "engines": {
        "node": ">=24"
      }
    }
  }
}
